
Microsoft Visual Studio Solution File, Format Version 11.00
# Visual Studio 2010
Project("{FAE04EC0-301F-11D3-BF4B-00C04F79EFBC}") = "Arduino+Unity", "Assembly-CSharp.csproj", "{F927108F-03B4-242C-192F-697B4DA0C0D0}"
EndProject
Global
	GlobalSection(SolutionConfigurationPlatforms) = preSolution
		Debug|Any CPU = Debug|Any CPU
		Release|Any CPU = Release|Any CPU
	EndGlobalSection
	GlobalSection(ProjectConfigurationPlatforms) = postSolution
		{F927108F-03B4-242C-192F-697B4DA0C0D0}.Debug|Any CPU.ActiveCfg = Debug|Any CPU
		{F927108F-03B4-242C-192F-697B4DA0C0D0}.Debug|Any CPU.Build.0 = Debug|Any CPU
		{F927108F-03B4-242C-192F-697B4DA0C0D0}.Release|Any CPU.ActiveCfg = Release|Any CPU
		{F927108F-03B4-242C-192F-697B4DA0C0D0}.Release|Any CPU.Build.0 = Release|Any CPU
	EndGlobalSection
	GlobalSection(SolutionProperties) = preSolution
		HideSolutionNode = FALSE
	EndGlobalSection
	GlobalSection(MonoDevelopProperties) = preSolution
		StartupItem = Assembly-CSharp.csproj
	EndGlobalSection
EndGlobal
